
Microsoft Visual Studio Solution File, Format Version 12.00
# Visual Studio Version 17
VisualStudioVersion = 17.11.35219.272
MinimumVisualStudioVersion = 10.0.40219.1
Project("{FAE04EC0-301F-11D3-BF4B-00C04F79EFBC}") = "TaskMasterPractice", "TaskMasterPractice\TaskMasterPractice.csproj", "{75596262-0FA1-48C5-B6C1-2D5D588580FB}"
EndProject
Global
	GlobalSection(SolutionConfigurationPlatforms) = preSolution
		Debug|Any CPU = Debug|Any CPU
		Release|Any CPU = Release|Any CPU
	EndGlobalSection
	GlobalSection(ProjectConfigurationPlatforms) = postSolution
		{75596262-0FA1-48C5-B6C1-2D5D588580FB}.Debug|Any CPU.ActiveCfg = Debug|Any CPU
		{75596262-0FA1-48C5-B6C1-2D5D588580FB}.Debug|Any CPU.Build.0 = Debug|Any CPU
		{75596262-0FA1-48C5-B6C1-2D5D588580FB}.Release|Any CPU.ActiveCfg = Release|Any CPU
		{75596262-0FA1-48C5-B6C1-2D5D588580FB}.Release|Any CPU.Build.0 = Release|Any CPU
	EndGlobalSection
	GlobalSection(SolutionProperties) = preSolution
		HideSolutionNode = FALSE
	EndGlobalSection
	GlobalSection(ExtensibilityGlobals) = postSolution
		SolutionGuid = {0AF4CB04-6AE6-478E-9BC4-C4F86B257C57}
	EndGlobalSection
EndGlobal
